
Microsoft Visual Studio Solution File, Format Version 12.00
# Visual Studio Version 17
VisualStudioVersion = 17.4.33603.86
MinimumVisualStudioVersion = 10.0.40219.1
Project("{9A19103F-16F7-4668-BE54-9A1E7A4F7556}") = "Linql.ModelGenerator.Typescript.Frontend", "Frontend\Linql.ModelGenerator.Typescript.Frontend.csproj", "{853A92B4-CA9F-4452-B8DF-B17D542F8B45}"
EndProject
Project("{2150E333-8FDC-42A3-9474-1A3956D46DE8}") = "Test", "Test", "{ECB9C651-7280-46CF-88D6-DA466C00B264}"
EndProject
Project("{9A19103F-16F7-4668-BE54-9A1E7A4F7556}") = "Linql.ModelGenerator.Typescript.Frontend.Test", "Test\Linql.ModelGenerator.Typescript.Frontend.Test\Linql.ModelGenerator.Typescript.Frontend.Test.csproj", "{5023D2C7-12A1-44A3-9575-26F71776E1D9}"
EndProject
Project("{9A19103F-16F7-4668-BE54-9A1E7A4F7556}") = "Linql.ModelGenerator.Intermediary", "..\C#\Intermediary\Linql.ModelGenerator.Intermediary.csproj", "{004BA6E0-52D3-4271-8FC8-2BBD0636CA17}"
EndProject
Project("{9A19103F-16F7-4668-BE54-9A1E7A4F7556}") = "Linql.ModelGenerator.CSharp.Backend", "..\C#\Backend\Linql.ModelGenerator.CSharp.Backend.csproj", "{CEA100DF-B34A-47DD-A226-36EA71297DEA}"
EndProject
Global
	GlobalSection(SolutionConfigurationPlatforms) = preSolution
		Debug|Any CPU = Debug|Any CPU
		Release|Any CPU = Release|Any CPU
	EndGlobalSection
	GlobalSection(ProjectConfigurationPlatforms) = postSolution
		{853A92B4-CA9F-4452-B8DF-B17D542F8B45}.Debug|Any CPU.ActiveCfg = Debug|Any CPU
		{853A92B4-CA9F-4452-B8DF-B17D542F8B45}.Debug|Any CPU.Build.0 = Debug|Any CPU
		{853A92B4-CA9F-4452-B8DF-B17D542F8B45}.Release|Any CPU.ActiveCfg = Release|Any CPU
		{853A92B4-CA9F-4452-B8DF-B17D542F8B45}.Release|Any CPU.Build.0 = Release|Any CPU
		{5023D2C7-12A1-44A3-9575-26F71776E1D9}.Debug|Any CPU.ActiveCfg = Debug|Any CPU
		{5023D2C7-12A1-44A3-9575-26F71776E1D9}.Debug|Any CPU.Build.0 = Debug|Any CPU
		{5023D2C7-12A1-44A3-9575-26F71776E1D9}.Release|Any CPU.ActiveCfg = Release|Any CPU
		{5023D2C7-12A1-44A3-9575-26F71776E1D9}.Release|Any CPU.Build.0 = Release|Any CPU
		{004BA6E0-52D3-4271-8FC8-2BBD0636CA17}.Debug|Any CPU.ActiveCfg = Debug|Any CPU
		{004BA6E0-52D3-4271-8FC8-2BBD0636CA17}.Debug|Any CPU.Build.0 = Debug|Any CPU
		{004BA6E0-52D3-4271-8FC8-2BBD0636CA17}.Release|Any CPU.ActiveCfg = Release|Any CPU
		{004BA6E0-52D3-4271-8FC8-2BBD0636CA17}.Release|Any CPU.Build.0 = Release|Any CPU
		{CEA100DF-B34A-47DD-A226-36EA71297DEA}.Debug|Any CPU.ActiveCfg = Debug|Any CPU
		{CEA100DF-B34A-47DD-A226-36EA71297DEA}.Debug|Any CPU.Build.0 = Debug|Any CPU
		{CEA100DF-B34A-47DD-A226-36EA71297DEA}.Release|Any CPU.ActiveCfg = Release|Any CPU
		{CEA100DF-B34A-47DD-A226-36EA71297DEA}.Release|Any CPU.Build.0 = Release|Any CPU
	EndGlobalSection
	GlobalSection(SolutionProperties) = preSolution
		HideSolutionNode = FALSE
	EndGlobalSection
	GlobalSection(NestedProjects) = preSolution
		{5023D2C7-12A1-44A3-9575-26F71776E1D9} = {ECB9C651-7280-46CF-88D6-DA466C00B264}
	EndGlobalSection
	GlobalSection(ExtensibilityGlobals) = postSolution
		SolutionGuid = {3A65EC2D-A66B-4038-AC1F-12A62D096273}
	EndGlobalSection
EndGlobal
