
Microsoft Visual Studio Solution File, Format Version 12.00
# Visual Studio Version 17
VisualStudioVersion = 17.4.33603.86
MinimumVisualStudioVersion = 10.0.40219.1
Project("{9A19103F-16F7-4668-BE54-9A1E7A4F7556}") = "Linql.ModelGenerator.Core", "Core\Linql.ModelGenerator.Core.csproj", "{45025690-0BA5-45C8-BA12-3F1464A18940}"
EndProject
Project("{2150E333-8FDC-42A3-9474-1A3956D46DE8}") = "CSharp", "CSharp", "{76A9817F-A167-49BE-9BBF-0A28352BE05C}"
EndProject
Project("{2150E333-8FDC-42A3-9474-1A3956D46DE8}") = "Typescript", "Typescript", "{43C220CE-5DBF-482B-B4DE-94B977801B6C}"
EndProject
Project("{2150E333-8FDC-42A3-9474-1A3956D46DE8}") = "Test", "Test", "{D456F11D-520E-4AA0-A315-23ABB36F9485}"
EndProject
Project("{2150E333-8FDC-42A3-9474-1A3956D46DE8}") = "Test", "Test", "{E7E3AF19-88F1-4FBF-A286-45B028439DFB}"
EndProject
Project("{9A19103F-16F7-4668-BE54-9A1E7A4F7556}") = "Linql.ModelGenerator.CSharp.Backend", "C#\Backend\Linql.ModelGenerator.CSharp.Backend.csproj", "{76612D75-AD4A-485F-AFE4-A030DDDA19B6}"
EndProject
Project("{9A19103F-16F7-4668-BE54-9A1E7A4F7556}") = "Linql.ModelGenerator.CSharp.Frontend", "C#\Frontend\Linql.ModelGenerator.CSharp.Frontend.csproj", "{2D582F7A-2458-4AA8-9850-E8E60DFA0807}"
EndProject
Project("{9A19103F-16F7-4668-BE54-9A1E7A4F7556}") = "Linql.ModelGenerator.CSharp.Backend.Test", "C#\Test\Linql.ModelGenerator.CSharp.Backend.Test\Linql.ModelGenerator.CSharp.Backend.Test.csproj", "{B25530D5-6D23-4C28-B88E-8917A6A7EA43}"
EndProject
Project("{9A19103F-16F7-4668-BE54-9A1E7A4F7556}") = "Linql.ModelGenerator.CSharp.Frontend.Test", "C#\Test\Linql.ModelGenerator.CSharp.Frontend.Test\Linql.ModelGenerator.CSharp.Frontend.Test.csproj", "{0C9DF97D-77D6-4E5F-A445-364633125DFF}"
EndProject
Project("{2150E333-8FDC-42A3-9474-1A3956D46DE8}") = "Models", "Models", "{C1121100-914B-4238-865E-5FCC9D3A9A55}"
EndProject
Project("{9A19103F-16F7-4668-BE54-9A1E7A4F7556}") = "Test.CircularModel", "C#\Test\Test.CircularModel\Test.CircularModel.csproj", "{2D1AE68C-E778-466A-96D0-87AA8879C7A5}"
EndProject
Project("{9A19103F-16F7-4668-BE54-9A1E7A4F7556}") = "Test.Module1", "C#\Test\Test.Module1\Test.Module1.csproj", "{942EFDAA-446E-401D-9384-F5D30AC20C36}"
EndProject
Project("{9A19103F-16F7-4668-BE54-9A1E7A4F7556}") = "Test.Module2", "C#\Test\Test.Module2\Test.Module2.csproj", "{C03D9839-398D-40E7-AFCE-4C364C5C39CD}"
EndProject
Project("{9A19103F-16F7-4668-BE54-9A1E7A4F7556}") = "Linql.ModelGenerator.Typescript.Frontend", "Typescript\Frontend\Linql.ModelGenerator.Typescript.Frontend.csproj", "{0BFDDC3F-A4F1-4DA2-AF08-D8B21576BDD1}"
EndProject
Project("{9A19103F-16F7-4668-BE54-9A1E7A4F7556}") = "Linql.ModelGenerator.Typescript.Frontend.Test", "Typescript\Test\Linql.ModelGenerator.Typescript.Frontend.Test\Linql.ModelGenerator.Typescript.Frontend.Test.csproj", "{24086093-2F8B-42B9-A6B9-CB0FD11AA8C5}"
EndProject
Project("{9A19103F-16F7-4668-BE54-9A1E7A4F7556}") = "Test.Annotations", "C#\Test\Test.Annotations\Test.Annotations.csproj", "{9E1D3800-5AFD-4AD0-AC15-3E409F854025}"
EndProject
Project("{9A19103F-16F7-4668-BE54-9A1E7A4F7556}") = "Linql.ModelGenerator.Backend.CSharp", "Distributions\Backend\C#\Linql.ModelGenerator.Backend.CSharp.csproj", "{745F83E4-AFD8-4489-B802-508B193D4C6A}"
EndProject
Project("{2150E333-8FDC-42A3-9474-1A3956D46DE8}") = "Distributions", "Distributions", "{1A565AB3-620F-4A88-869A-F1551F263C93}"
EndProject
Project("{9A19103F-16F7-4668-BE54-9A1E7A4F7556}") = "Linql.ModelGenerator.Frontend.Typescript", "Distributions\Frontend\Typescript\Linql.ModelGenerator.Frontend.Typescript.csproj", "{02DBAD12-1CE5-4018-B9DF-A28242E52979}"
EndProject
Project("{2150E333-8FDC-42A3-9474-1A3956D46DE8}") = "ModuleOverrides", "ModuleOverrides", "{1D85A4A4-8ACB-46A1-948A-D2FE543617F5}"
EndProject
Project("{9A19103F-16F7-4668-BE54-9A1E7A4F7556}") = "Linql.System.ComponentModel.Annotations", "C#\ModuleOverrides\DataAnnotations\Linql.System.ComponentModel.Annotations.csproj", "{0257AEAF-248C-4B96-A7C0-5BB608A80A80}"
EndProject
Project("{9A19103F-16F7-4668-BE54-9A1E7A4F7556}") = "Linql.System.Spatial", "C#\ModuleOverrides\System.Spatial\Linql.System.Spatial.csproj", "{FF666040-DFE8-4C09-A7CE-0B82B716F77B}"
EndProject
Project("{9A19103F-16F7-4668-BE54-9A1E7A4F7556}") = "Linql.EntityFramework", "C#\ModuleOverrides\EntityFramework\Linql.EntityFramework.csproj", "{401896DE-4E0B-438E-91D4-552471FC1474}"
EndProject
Project("{FAE04EC0-301F-11D3-BF4B-00C04F79EFBC}") = "Linql.EFCore", "..\..\Linql.ModelGenerator\C#\ModuleOverrides\EFCore\Linql.EFCore.csproj", "{D5AA6162-2043-4A86-B1ED-AB01C6ED62DD}"
EndProject
Global
	GlobalSection(SolutionConfigurationPlatforms) = preSolution
		Debug|Any CPU = Debug|Any CPU
		Release|Any CPU = Release|Any CPU
	EndGlobalSection
	GlobalSection(ProjectConfigurationPlatforms) = postSolution
		{45025690-0BA5-45C8-BA12-3F1464A18940}.Debug|Any CPU.ActiveCfg = Debug|Any CPU
		{45025690-0BA5-45C8-BA12-3F1464A18940}.Debug|Any CPU.Build.0 = Debug|Any CPU
		{45025690-0BA5-45C8-BA12-3F1464A18940}.Release|Any CPU.ActiveCfg = Release|Any CPU
		{45025690-0BA5-45C8-BA12-3F1464A18940}.Release|Any CPU.Build.0 = Release|Any CPU
		{76612D75-AD4A-485F-AFE4-A030DDDA19B6}.Debug|Any CPU.ActiveCfg = Debug|Any CPU
		{76612D75-AD4A-485F-AFE4-A030DDDA19B6}.Debug|Any CPU.Build.0 = Debug|Any CPU
		{76612D75-AD4A-485F-AFE4-A030DDDA19B6}.Release|Any CPU.ActiveCfg = Release|Any CPU
		{76612D75-AD4A-485F-AFE4-A030DDDA19B6}.Release|Any CPU.Build.0 = Release|Any CPU
		{2D582F7A-2458-4AA8-9850-E8E60DFA0807}.Debug|Any CPU.ActiveCfg = Debug|Any CPU
		{2D582F7A-2458-4AA8-9850-E8E60DFA0807}.Debug|Any CPU.Build.0 = Debug|Any CPU
		{2D582F7A-2458-4AA8-9850-E8E60DFA0807}.Release|Any CPU.ActiveCfg = Release|Any CPU
		{2D582F7A-2458-4AA8-9850-E8E60DFA0807}.Release|Any CPU.Build.0 = Release|Any CPU
		{B25530D5-6D23-4C28-B88E-8917A6A7EA43}.Debug|Any CPU.ActiveCfg = Debug|Any CPU
		{B25530D5-6D23-4C28-B88E-8917A6A7EA43}.Debug|Any CPU.Build.0 = Debug|Any CPU
		{B25530D5-6D23-4C28-B88E-8917A6A7EA43}.Release|Any CPU.ActiveCfg = Release|Any CPU
		{B25530D5-6D23-4C28-B88E-8917A6A7EA43}.Release|Any CPU.Build.0 = Release|Any CPU
		{0C9DF97D-77D6-4E5F-A445-364633125DFF}.Debug|Any CPU.ActiveCfg = Debug|Any CPU
		{0C9DF97D-77D6-4E5F-A445-364633125DFF}.Debug|Any CPU.Build.0 = Debug|Any CPU
		{0C9DF97D-77D6-4E5F-A445-364633125DFF}.Release|Any CPU.ActiveCfg = Release|Any CPU
		{0C9DF97D-77D6-4E5F-A445-364633125DFF}.Release|Any CPU.Build.0 = Release|Any CPU
		{2D1AE68C-E778-466A-96D0-87AA8879C7A5}.Debug|Any CPU.ActiveCfg = Debug|Any CPU
		{2D1AE68C-E778-466A-96D0-87AA8879C7A5}.Debug|Any CPU.Build.0 = Debug|Any CPU
		{2D1AE68C-E778-466A-96D0-87AA8879C7A5}.Release|Any CPU.ActiveCfg = Release|Any CPU
		{2D1AE68C-E778-466A-96D0-87AA8879C7A5}.Release|Any CPU.Build.0 = Release|Any CPU
		{942EFDAA-446E-401D-9384-F5D30AC20C36}.Debug|Any CPU.ActiveCfg = Debug|Any CPU
		{942EFDAA-446E-401D-9384-F5D30AC20C36}.Debug|Any CPU.Build.0 = Debug|Any CPU
		{942EFDAA-446E-401D-9384-F5D30AC20C36}.Release|Any CPU.ActiveCfg = Release|Any CPU
		{942EFDAA-446E-401D-9384-F5D30AC20C36}.Release|Any CPU.Build.0 = Release|Any CPU
		{C03D9839-398D-40E7-AFCE-4C364C5C39CD}.Debug|Any CPU.ActiveCfg = Debug|Any CPU
		{C03D9839-398D-40E7-AFCE-4C364C5C39CD}.Debug|Any CPU.Build.0 = Debug|Any CPU
		{C03D9839-398D-40E7-AFCE-4C364C5C39CD}.Release|Any CPU.ActiveCfg = Release|Any CPU
		{C03D9839-398D-40E7-AFCE-4C364C5C39CD}.Release|Any CPU.Build.0 = Release|Any CPU
		{0BFDDC3F-A4F1-4DA2-AF08-D8B21576BDD1}.Debug|Any CPU.ActiveCfg = Debug|Any CPU
		{0BFDDC3F-A4F1-4DA2-AF08-D8B21576BDD1}.Debug|Any CPU.Build.0 = Debug|Any CPU
		{0BFDDC3F-A4F1-4DA2-AF08-D8B21576BDD1}.Release|Any CPU.ActiveCfg = Release|Any CPU
		{0BFDDC3F-A4F1-4DA2-AF08-D8B21576BDD1}.Release|Any CPU.Build.0 = Release|Any CPU
		{24086093-2F8B-42B9-A6B9-CB0FD11AA8C5}.Debug|Any CPU.ActiveCfg = Debug|Any CPU
		{24086093-2F8B-42B9-A6B9-CB0FD11AA8C5}.Debug|Any CPU.Build.0 = Debug|Any CPU
		{24086093-2F8B-42B9-A6B9-CB0FD11AA8C5}.Release|Any CPU.ActiveCfg = Release|Any CPU
		{24086093-2F8B-42B9-A6B9-CB0FD11AA8C5}.Release|Any CPU.Build.0 = Release|Any CPU
		{9E1D3800-5AFD-4AD0-AC15-3E409F854025}.Debug|Any CPU.ActiveCfg = Debug|Any CPU
		{9E1D3800-5AFD-4AD0-AC15-3E409F854025}.Debug|Any CPU.Build.0 = Debug|Any CPU
		{9E1D3800-5AFD-4AD0-AC15-3E409F854025}.Release|Any CPU.ActiveCfg = Release|Any CPU
		{9E1D3800-5AFD-4AD0-AC15-3E409F854025}.Release|Any CPU.Build.0 = Release|Any CPU
		{745F83E4-AFD8-4489-B802-508B193D4C6A}.Debug|Any CPU.ActiveCfg = Debug|Any CPU
		{745F83E4-AFD8-4489-B802-508B193D4C6A}.Debug|Any CPU.Build.0 = Debug|Any CPU
		{745F83E4-AFD8-4489-B802-508B193D4C6A}.Release|Any CPU.ActiveCfg = Release|Any CPU
		{745F83E4-AFD8-4489-B802-508B193D4C6A}.Release|Any CPU.Build.0 = Release|Any CPU
		{02DBAD12-1CE5-4018-B9DF-A28242E52979}.Debug|Any CPU.ActiveCfg = Debug|Any CPU
		{02DBAD12-1CE5-4018-B9DF-A28242E52979}.Debug|Any CPU.Build.0 = Debug|Any CPU
		{02DBAD12-1CE5-4018-B9DF-A28242E52979}.Release|Any CPU.ActiveCfg = Release|Any CPU
		{02DBAD12-1CE5-4018-B9DF-A28242E52979}.Release|Any CPU.Build.0 = Release|Any CPU
		{0257AEAF-248C-4B96-A7C0-5BB608A80A80}.Debug|Any CPU.ActiveCfg = Debug|Any CPU
		{0257AEAF-248C-4B96-A7C0-5BB608A80A80}.Debug|Any CPU.Build.0 = Debug|Any CPU
		{0257AEAF-248C-4B96-A7C0-5BB608A80A80}.Release|Any CPU.ActiveCfg = Release|Any CPU
		{0257AEAF-248C-4B96-A7C0-5BB608A80A80}.Release|Any CPU.Build.0 = Release|Any CPU
		{FF666040-DFE8-4C09-A7CE-0B82B716F77B}.Debug|Any CPU.ActiveCfg = Debug|Any CPU
		{FF666040-DFE8-4C09-A7CE-0B82B716F77B}.Debug|Any CPU.Build.0 = Debug|Any CPU
		{FF666040-DFE8-4C09-A7CE-0B82B716F77B}.Release|Any CPU.ActiveCfg = Release|Any CPU
		{FF666040-DFE8-4C09-A7CE-0B82B716F77B}.Release|Any CPU.Build.0 = Release|Any CPU
		{401896DE-4E0B-438E-91D4-552471FC1474}.Debug|Any CPU.ActiveCfg = Debug|Any CPU
		{401896DE-4E0B-438E-91D4-552471FC1474}.Debug|Any CPU.Build.0 = Debug|Any CPU
		{401896DE-4E0B-438E-91D4-552471FC1474}.Release|Any CPU.ActiveCfg = Release|Any CPU
		{401896DE-4E0B-438E-91D4-552471FC1474}.Release|Any CPU.Build.0 = Release|Any CPU
		{D5AA6162-2043-4A86-B1ED-AB01C6ED62DD}.Debug|Any CPU.ActiveCfg = Debug|Any CPU
		{D5AA6162-2043-4A86-B1ED-AB01C6ED62DD}.Debug|Any CPU.Build.0 = Debug|Any CPU
		{D5AA6162-2043-4A86-B1ED-AB01C6ED62DD}.Release|Any CPU.ActiveCfg = Release|Any CPU
		{D5AA6162-2043-4A86-B1ED-AB01C6ED62DD}.Release|Any CPU.Build.0 = Release|Any CPU
	EndGlobalSection
	GlobalSection(SolutionProperties) = preSolution
		HideSolutionNode = FALSE
	EndGlobalSection
	GlobalSection(NestedProjects) = preSolution
		{D456F11D-520E-4AA0-A315-23ABB36F9485} = {76A9817F-A167-49BE-9BBF-0A28352BE05C}
		{E7E3AF19-88F1-4FBF-A286-45B028439DFB} = {43C220CE-5DBF-482B-B4DE-94B977801B6C}
		{76612D75-AD4A-485F-AFE4-A030DDDA19B6} = {76A9817F-A167-49BE-9BBF-0A28352BE05C}
		{2D582F7A-2458-4AA8-9850-E8E60DFA0807} = {76A9817F-A167-49BE-9BBF-0A28352BE05C}
		{B25530D5-6D23-4C28-B88E-8917A6A7EA43} = {D456F11D-520E-4AA0-A315-23ABB36F9485}
		{0C9DF97D-77D6-4E5F-A445-364633125DFF} = {D456F11D-520E-4AA0-A315-23ABB36F9485}
		{C1121100-914B-4238-865E-5FCC9D3A9A55} = {D456F11D-520E-4AA0-A315-23ABB36F9485}
		{2D1AE68C-E778-466A-96D0-87AA8879C7A5} = {C1121100-914B-4238-865E-5FCC9D3A9A55}
		{942EFDAA-446E-401D-9384-F5D30AC20C36} = {C1121100-914B-4238-865E-5FCC9D3A9A55}
		{C03D9839-398D-40E7-AFCE-4C364C5C39CD} = {C1121100-914B-4238-865E-5FCC9D3A9A55}
		{0BFDDC3F-A4F1-4DA2-AF08-D8B21576BDD1} = {43C220CE-5DBF-482B-B4DE-94B977801B6C}
		{24086093-2F8B-42B9-A6B9-CB0FD11AA8C5} = {E7E3AF19-88F1-4FBF-A286-45B028439DFB}
		{9E1D3800-5AFD-4AD0-AC15-3E409F854025} = {C1121100-914B-4238-865E-5FCC9D3A9A55}
		{745F83E4-AFD8-4489-B802-508B193D4C6A} = {1A565AB3-620F-4A88-869A-F1551F263C93}
		{02DBAD12-1CE5-4018-B9DF-A28242E52979} = {1A565AB3-620F-4A88-869A-F1551F263C93}
		{1D85A4A4-8ACB-46A1-948A-D2FE543617F5} = {76A9817F-A167-49BE-9BBF-0A28352BE05C}
		{0257AEAF-248C-4B96-A7C0-5BB608A80A80} = {1D85A4A4-8ACB-46A1-948A-D2FE543617F5}
		{FF666040-DFE8-4C09-A7CE-0B82B716F77B} = {1D85A4A4-8ACB-46A1-948A-D2FE543617F5}
		{401896DE-4E0B-438E-91D4-552471FC1474} = {1D85A4A4-8ACB-46A1-948A-D2FE543617F5}
		{D5AA6162-2043-4A86-B1ED-AB01C6ED62DD} = {1D85A4A4-8ACB-46A1-948A-D2FE543617F5}
	EndGlobalSection
	GlobalSection(ExtensibilityGlobals) = postSolution
		SolutionGuid = {3A65EC2D-A66B-4038-AC1F-12A62D096273}
	EndGlobalSection
EndGlobal
