
Microsoft Visual Studio Solution File, Format Version 12.00
# Visual Studio Version 17
VisualStudioVersion = 17.4.33603.86
MinimumVisualStudioVersion = 10.0.40219.1
Project("{9A19103F-16F7-4668-BE54-9A1E7A4F7556}") = "Linql.ModelGenerator.Intermediary", "Intermediary\Linql.ModelGenerator.Intermediary.csproj", "{45025690-0BA5-45C8-BA12-3F1464A18940}"
EndProject
Project("{9A19103F-16F7-4668-BE54-9A1E7A4F7556}") = "Linql.ModelGenerator.CSharp.Backend", "Backend\Linql.ModelGenerator.CSharp.Backend.csproj", "{F35601C1-A395-4294-8AB3-8004944E5097}"
EndProject
Project("{9A19103F-16F7-4668-BE54-9A1E7A4F7556}") = "Linql.ModelGenerator.CSharp.Frontend", "Frontend\Linql.ModelGenerator.CSharp.Frontend.csproj", "{853A92B4-CA9F-4452-B8DF-B17D542F8B45}"
EndProject
Project("{2150E333-8FDC-42A3-9474-1A3956D46DE8}") = "Test", "Test", "{ECB9C651-7280-46CF-88D6-DA466C00B264}"
EndProject
Project("{9A19103F-16F7-4668-BE54-9A1E7A4F7556}") = "Linql.ModelGenerator.CSharp.Backend.Test", "Test\Linql.ModelGenerator.Backend.Test\Linql.ModelGenerator.CSharp.Backend.Test.csproj", "{F37FA525-DA9A-4354-A0D8-B076DCAD328F}"
EndProject
Project("{9A19103F-16F7-4668-BE54-9A1E7A4F7556}") = "Test.Module1", "Test\Test.Module1\Test.Module1.csproj", "{664117D1-119E-41FF-A68B-E4E6932AE205}"
EndProject
Project("{9A19103F-16F7-4668-BE54-9A1E7A4F7556}") = "Test.Module2", "Test\Test.Module2\Test.Module2.csproj", "{8B8228F0-5E4B-4E5E-8398-693B9F1C5BF3}"
EndProject
Project("{9A19103F-16F7-4668-BE54-9A1E7A4F7556}") = "Linql.ModelGenerator.CSharp.Frontend.Test", "Test\Linql.ModelGenerator.Frontend.Test\Linql.ModelGenerator.CSharp.Frontend.Test.csproj", "{5023D2C7-12A1-44A3-9575-26F71776E1D9}"
EndProject
Project("{9A19103F-16F7-4668-BE54-9A1E7A4F7556}") = "Test.CircularModel", "Test\Test.CircularModel\Test.CircularModel.csproj", "{5D72907E-F274-4206-A735-BAB1CF0560E7}"
EndProject
Global
	GlobalSection(SolutionConfigurationPlatforms) = preSolution
		Debug|Any CPU = Debug|Any CPU
		Release|Any CPU = Release|Any CPU
	EndGlobalSection
	GlobalSection(ProjectConfigurationPlatforms) = postSolution
		{45025690-0BA5-45C8-BA12-3F1464A18940}.Debug|Any CPU.ActiveCfg = Debug|Any CPU
		{45025690-0BA5-45C8-BA12-3F1464A18940}.Debug|Any CPU.Build.0 = Debug|Any CPU
		{45025690-0BA5-45C8-BA12-3F1464A18940}.Release|Any CPU.ActiveCfg = Release|Any CPU
		{45025690-0BA5-45C8-BA12-3F1464A18940}.Release|Any CPU.Build.0 = Release|Any CPU
		{F35601C1-A395-4294-8AB3-8004944E5097}.Debug|Any CPU.ActiveCfg = Debug|Any CPU
		{F35601C1-A395-4294-8AB3-8004944E5097}.Debug|Any CPU.Build.0 = Debug|Any CPU
		{F35601C1-A395-4294-8AB3-8004944E5097}.Release|Any CPU.ActiveCfg = Release|Any CPU
		{F35601C1-A395-4294-8AB3-8004944E5097}.Release|Any CPU.Build.0 = Release|Any CPU
		{853A92B4-CA9F-4452-B8DF-B17D542F8B45}.Debug|Any CPU.ActiveCfg = Debug|Any CPU
		{853A92B4-CA9F-4452-B8DF-B17D542F8B45}.Debug|Any CPU.Build.0 = Debug|Any CPU
		{853A92B4-CA9F-4452-B8DF-B17D542F8B45}.Release|Any CPU.ActiveCfg = Release|Any CPU
		{853A92B4-CA9F-4452-B8DF-B17D542F8B45}.Release|Any CPU.Build.0 = Release|Any CPU
		{F37FA525-DA9A-4354-A0D8-B076DCAD328F}.Debug|Any CPU.ActiveCfg = Debug|Any CPU
		{F37FA525-DA9A-4354-A0D8-B076DCAD328F}.Debug|Any CPU.Build.0 = Debug|Any CPU
		{F37FA525-DA9A-4354-A0D8-B076DCAD328F}.Release|Any CPU.ActiveCfg = Release|Any CPU
		{F37FA525-DA9A-4354-A0D8-B076DCAD328F}.Release|Any CPU.Build.0 = Release|Any CPU
		{664117D1-119E-41FF-A68B-E4E6932AE205}.Debug|Any CPU.ActiveCfg = Debug|Any CPU
		{664117D1-119E-41FF-A68B-E4E6932AE205}.Debug|Any CPU.Build.0 = Debug|Any CPU
		{664117D1-119E-41FF-A68B-E4E6932AE205}.Release|Any CPU.ActiveCfg = Release|Any CPU
		{664117D1-119E-41FF-A68B-E4E6932AE205}.Release|Any CPU.Build.0 = Release|Any CPU
		{8B8228F0-5E4B-4E5E-8398-693B9F1C5BF3}.Debug|Any CPU.ActiveCfg = Debug|Any CPU
		{8B8228F0-5E4B-4E5E-8398-693B9F1C5BF3}.Debug|Any CPU.Build.0 = Debug|Any CPU
		{8B8228F0-5E4B-4E5E-8398-693B9F1C5BF3}.Release|Any CPU.ActiveCfg = Release|Any CPU
		{8B8228F0-5E4B-4E5E-8398-693B9F1C5BF3}.Release|Any CPU.Build.0 = Release|Any CPU
		{5023D2C7-12A1-44A3-9575-26F71776E1D9}.Debug|Any CPU.ActiveCfg = Debug|Any CPU
		{5023D2C7-12A1-44A3-9575-26F71776E1D9}.Debug|Any CPU.Build.0 = Debug|Any CPU
		{5023D2C7-12A1-44A3-9575-26F71776E1D9}.Release|Any CPU.ActiveCfg = Release|Any CPU
		{5023D2C7-12A1-44A3-9575-26F71776E1D9}.Release|Any CPU.Build.0 = Release|Any CPU
		{5D72907E-F274-4206-A735-BAB1CF0560E7}.Debug|Any CPU.ActiveCfg = Debug|Any CPU
		{5D72907E-F274-4206-A735-BAB1CF0560E7}.Debug|Any CPU.Build.0 = Debug|Any CPU
		{5D72907E-F274-4206-A735-BAB1CF0560E7}.Release|Any CPU.ActiveCfg = Release|Any CPU
		{5D72907E-F274-4206-A735-BAB1CF0560E7}.Release|Any CPU.Build.0 = Release|Any CPU
	EndGlobalSection
	GlobalSection(SolutionProperties) = preSolution
		HideSolutionNode = FALSE
	EndGlobalSection
	GlobalSection(NestedProjects) = preSolution
		{F37FA525-DA9A-4354-A0D8-B076DCAD328F} = {ECB9C651-7280-46CF-88D6-DA466C00B264}
		{664117D1-119E-41FF-A68B-E4E6932AE205} = {ECB9C651-7280-46CF-88D6-DA466C00B264}
		{8B8228F0-5E4B-4E5E-8398-693B9F1C5BF3} = {ECB9C651-7280-46CF-88D6-DA466C00B264}
		{5023D2C7-12A1-44A3-9575-26F71776E1D9} = {ECB9C651-7280-46CF-88D6-DA466C00B264}
		{5D72907E-F274-4206-A735-BAB1CF0560E7} = {ECB9C651-7280-46CF-88D6-DA466C00B264}
	EndGlobalSection
	GlobalSection(ExtensibilityGlobals) = postSolution
		SolutionGuid = {3A65EC2D-A66B-4038-AC1F-12A62D096273}
	EndGlobalSection
EndGlobal
